
Microsoft Visual Studio Solution File, Format Version 12.00
# Visual Studio Version 17
VisualStudioVersion = 17.3.32922.545
MinimumVisualStudioVersion = 10.0.40219.1
Project("{FAE04EC0-301F-11D3-BF4B-00C04F79EFBC}") = "UAS_005", "UAS_005.csproj", "{73297586-1E9D-4CE4-9D1F-6496A90E7994}"
EndProject
Global
	GlobalSection(SolutionConfigurationPlatforms) = preSolution
		Debug|Any CPU = Debug|Any CPU
		Release|Any CPU = Release|Any CPU
	EndGlobalSection
	GlobalSection(ProjectConfigurationPlatforms) = postSolution
		{73297586-1E9D-4CE4-9D1F-6496A90E7994}.Debug|Any CPU.ActiveCfg = Debug|Any CPU
		{73297586-1E9D-4CE4-9D1F-6496A90E7994}.Debug|Any CPU.Build.0 = Debug|Any CPU
		{73297586-1E9D-4CE4-9D1F-6496A90E7994}.Release|Any CPU.ActiveCfg = Release|Any CPU
		{73297586-1E9D-4CE4-9D1F-6496A90E7994}.Release|Any CPU.Build.0 = Release|Any CPU
	EndGlobalSection
	GlobalSection(SolutionProperties) = preSolution
		HideSolutionNode = FALSE
	EndGlobalSection
	GlobalSection(ExtensibilityGlobals) = postSolution
		SolutionGuid = {3D598E2D-4670-487E-8C99-4DB7392D6398}
	EndGlobalSection
EndGlobal
